
Microsoft Visual Studio Solution File, Format Version 12.00
# Visual Studio Version 17
VisualStudioVersion = 17.2.32526.322
MinimumVisualStudioVersion = 10.0.40219.1
Project("{FAE04EC0-301F-11D3-BF4B-00C04F79EFBC}") = "ConversiotionNumber_finalProject", "ConversiotionNumber_finalProject\ConversiotionNumber_finalProject.csproj", "{6818163F-9EA2-4255-B3AE-1151EF13054E}"
EndProject
Global
	GlobalSection(SolutionConfigurationPlatforms) = preSolution
		Debug|Any CPU = Debug|Any CPU
		Release|Any CPU = Release|Any CPU
	EndGlobalSection
	GlobalSection(ProjectConfigurationPlatforms) = postSolution
		{6818163F-9EA2-4255-B3AE-1151EF13054E}.Debug|Any CPU.ActiveCfg = Debug|Any CPU
		{6818163F-9EA2-4255-B3AE-1151EF13054E}.Debug|Any CPU.Build.0 = Debug|Any CPU
		{6818163F-9EA2-4255-B3AE-1151EF13054E}.Release|Any CPU.ActiveCfg = Release|Any CPU
		{6818163F-9EA2-4255-B3AE-1151EF13054E}.Release|Any CPU.Build.0 = Release|Any CPU
	EndGlobalSection
	GlobalSection(SolutionProperties) = preSolution
		HideSolutionNode = FALSE
	EndGlobalSection
	GlobalSection(ExtensibilityGlobals) = postSolution
		SolutionGuid = {8FD38E40-0AD3-473F-969E-F7123E0B1626}
	EndGlobalSection
EndGlobal
